
Microsoft Visual Studio Solution File, Format Version 12.00
# Visual Studio Version 17
VisualStudioVersion = 17.5.002.0
MinimumVisualStudioVersion = 10.0.40219.1
Project("{9A19103F-16F7-4668-BE54-9A1E7A4F7556}") = "SocialRefApp", "SocialRefApp.csproj", "{34C24363-4707-4925-8DAD-734475C9F773}"
EndProject
Global
	GlobalSection(SolutionConfigurationPlatforms) = preSolution
		Debug|Any CPU = Debug|Any CPU
		Release|Any CPU = Release|Any CPU
	EndGlobalSection
	GlobalSection(ProjectConfigurationPlatforms) = postSolution
		{34C24363-4707-4925-8DAD-734475C9F773}.Debug|Any CPU.ActiveCfg = Debug|Any CPU
		{34C24363-4707-4925-8DAD-734475C9F773}.Debug|Any CPU.Build.0 = Debug|Any CPU
		{34C24363-4707-4925-8DAD-734475C9F773}.Release|Any CPU.ActiveCfg = Release|Any CPU
		{34C24363-4707-4925-8DAD-734475C9F773}.Release|Any CPU.Build.0 = Release|Any CPU
	EndGlobalSection
	GlobalSection(SolutionProperties) = preSolution
		HideSolutionNode = FALSE
	EndGlobalSection
	GlobalSection(ExtensibilityGlobals) = postSolution
		SolutionGuid = {FD00FAEA-103F-4BFD-A06E-A854A761FC10}
	EndGlobalSection
EndGlobal
